
Microsoft Visual Studio Solution File, Format Version 12.00
# Visual Studio 15
VisualStudioVersion = 15.0.28010.2050
MinimumVisualStudioVersion = 10.0.40219.1
Project("{FAE04EC0-301F-11D3-BF4B-00C04F79EFBC}") = "Military", "Military\Military.csproj", "{FFCC0E74-A4EF-408C-AE7B-7288B95B53BE}"
EndProject
Global
	GlobalSection(SolutionConfigurationPlatforms) = preSolution
		Debug|Any CPU = Debug|Any CPU
		Release|Any CPU = Release|Any CPU
	EndGlobalSection
	GlobalSection(ProjectConfigurationPlatforms) = postSolution
		{FFCC0E74-A4EF-408C-AE7B-7288B95B53BE}.Debug|Any CPU.ActiveCfg = Debug|Any CPU
		{FFCC0E74-A4EF-408C-AE7B-7288B95B53BE}.Debug|Any CPU.Build.0 = Debug|Any CPU
		{FFCC0E74-A4EF-408C-AE7B-7288B95B53BE}.Release|Any CPU.ActiveCfg = Release|Any CPU
		{FFCC0E74-A4EF-408C-AE7B-7288B95B53BE}.Release|Any CPU.Build.0 = Release|Any CPU
	EndGlobalSection
	GlobalSection(SolutionProperties) = preSolution
		HideSolutionNode = FALSE
	EndGlobalSection
	GlobalSection(ExtensibilityGlobals) = postSolution
		SolutionGuid = {BAB3D5F9-B025-4C72-8893-BA28AEAEE4FF}
	EndGlobalSection
EndGlobal
